
Microsoft Visual Studio Solution File, Format Version 12.00
# Visual Studio Version 17
VisualStudioVersion = 17.2.32602.215
MinimumVisualStudioVersion = 10.0.40219.1
Project("{FAE04EC0-301F-11D3-BF4B-00C04F79EFBC}") = "PropertySearchApp", "PropertySearchApp\PropertySearchApp.csproj", "{F9F992CC-AE0D-4228-933A-FE5208205F74}"
EndProject
Global
	GlobalSection(SolutionConfigurationPlatforms) = preSolution
		Debug|Any CPU = Debug|Any CPU
		Release|Any CPU = Release|Any CPU
	EndGlobalSection
	GlobalSection(ProjectConfigurationPlatforms) = postSolution
		{F9F992CC-AE0D-4228-933A-FE5208205F74}.Debug|Any CPU.ActiveCfg = Debug|Any CPU
		{F9F992CC-AE0D-4228-933A-FE5208205F74}.Debug|Any CPU.Build.0 = Debug|Any CPU
		{F9F992CC-AE0D-4228-933A-FE5208205F74}.Release|Any CPU.ActiveCfg = Release|Any CPU
		{F9F992CC-AE0D-4228-933A-FE5208205F74}.Release|Any CPU.Build.0 = Release|Any CPU
	EndGlobalSection
	GlobalSection(SolutionProperties) = preSolution
		HideSolutionNode = FALSE
	EndGlobalSection
	GlobalSection(ExtensibilityGlobals) = postSolution
		SolutionGuid = {A54CC4FF-BA9D-468A-9671-8DD750C93DD6}
	EndGlobalSection
EndGlobal
